// !$*UTF8*$!
{
	archiveVersion = 1;
	classes = {
	};
	objectVersion = 56;
	objects = {

/* Begin PBXBuildFile section */
		D9DA64A22BE03A7B00CEBF56 /* AppDelegate.swift in Sources */ = {isa = PBXBuildFile; fileRef = D9DA64A12BE03A7B00CEBF56 /* AppDelegate.swift */; };
		D9DA64A42BE03A7B00CEBF56 /* SceneDelegate.swift in Sources */ = {isa = PBXBuildFile; fileRef = D9DA64A32BE03A7B00CEBF56 /* SceneDelegate.swift */; };
		D9DA64A62BE03A7B00CEBF56 /* ViewController.swift in Sources */ = {isa = PBXBuildFile; fileRef = D9DA64A52BE03A7B00CEBF56 /* ViewController.swift */; };
		D9DA64A92BE03A7B00CEBF56 /* Main.storyboard in Resources */ = {isa = PBXBuildFile; fileRef = D9DA64A72BE03A7B00CEBF56 /* Main.storyboard */; };
		D9DA64AB2BE03A7D00CEBF56 /* Assets.xcassets in Resources */ = {isa = PBXBuildFile; fileRef = D9DA64AA2BE03A7D00CEBF56 /* Assets.xcassets */; };
		D9DA64AE2BE03A7D00CEBF56 /* LaunchScreen.storyboard in Resources */ = {isa = PBXBuildFile; fileRef = D9DA64AC2BE03A7D00CEBF56 /* LaunchScreen.storyboard */; };
		D9DA64B62BE03E1E00CEBF56 /* PhotosCollectionViewCell.swift in Sources */ = {isa = PBXBuildFile; fileRef = D9DA64B52BE03E1E00CEBF56 /* PhotosCollectionViewCell.swift */; };
		D9DA64B82BE03E4D00CEBF56 /* CollectionReusableView.swift in Sources */ = {isa = PBXBuildFile; fileRef = D9DA64B72BE03E4D00CEBF56 /* CollectionReusableView.swift */; };
/* End PBXBuildFile section */

/* Begin PBXFileReference section */
		D9DA649E2BE03A7B00CEBF56 /* CollectionView ( Sections , Header , Footer ).app */ = {isa = PBXFileReference; explicitFileType = wrapper.application; includeInIndex = 0; path = "CollectionView ( Sections , Header , Footer ).app"; sourceTree = BUILT_PRODUCTS_DIR; };
		D9DA64A12BE03A7B00CEBF56 /* AppDelegate.swift */ = {isa = PBXFileReference; lastKnownFileType = sourcecode.swift; path = AppDelegate.swift; sourceTree = "<group>"; };
		D9DA64A32BE03A7B00CEBF56 /* SceneDelegate.swift */ = {isa = PBXFileReference; lastKnownFileType = sourcecode.swift; path = SceneDelegate.swift; sourceTree = "<group>"; };
		D9DA64A52BE03A7B00CEBF56 /* ViewController.swift */ = {isa = PBXFileReference; lastKnownFileType = sourcecode.swift; path = ViewController.swift; sourceTree = "<group>"; };
		D9DA64A82BE03A7B00CEBF56 /* Base */ = {isa = PBXFileReference; lastKnownFileType = file.storyboard; name = Base; path = Base.lproj/Main.storyboard; sourceTree = "<group>"; };
		D9DA64AA2BE03A7D00CEBF56 /* Assets.xcassets */ = {isa = PBXFileReference; lastKnownFileType = folder.assetcatalog; path = Assets.xcassets; sourceTree = "<group>"; };
		D9DA64AD2BE03A7D00CEBF56 /* Base */ = {isa = PBXFileReference; lastKnownFileType = file.storyboard; name = Base; path = Base.lproj/LaunchScreen.storyboard; sourceTree = "<group>"; };
		D9DA64AF2BE03A7D00CEBF56 /* Info.plist */ = {isa = PBXFileReference; lastKnownFileType = text.plist.xml; path = Info.plist; sourceTree = "<group>"; };
		D9DA64B52BE03E1E00CEBF56 /* PhotosCollectionViewCell.swift */ = {isa = PBXFileReference; lastKnownFileType = sourcecode.swift; path = PhotosCollectionViewCell.swift; sourceTree = "<group>"; };
		D9DA64B72BE03E4D00CEBF56 /* CollectionReusableView.swift */ = {isa = PBXFileReference; lastKnownFileType = sourcecode.swift; path = CollectionReusableView.swift; sourceTree = "<group>"; };
/* End PBXFileReference section */

/* Begin PBXFrameworksBuildPhase section */
		D9DA649B2BE03A7B00CEBF56 /* Frameworks */ = {
			isa = PBXFrameworksBuildPhase;
			buildActionMask = 2147483647;
			files = (
			);
			runOnlyForDeploymentPostprocessing = 0;
		};
/* End PBXFrameworksBuildPhase section */

/* Begin PBXGroup section */
		D9DA64952BE03A7B00CEBF56 = {
			isa = PBXGroup;
			children = (
				D9DA64A02BE03A7B00CEBF56 /* CollectionView ( Sections , Header , Footer ) */,
				D9DA649F2BE03A7B00CEBF56 /* Products */,
			);
			sourceTree = "<group>";
		};
		D9DA649F2BE03A7B00CEBF56 /* Products */ = {
			isa = PBXGroup;
			children = (
				D9DA649E2BE03A7B00CEBF56 /* CollectionView ( Sections , Header , Footer ).app */,
			);
			name = Products;
			sourceTree = "<group>";
		};
		D9DA64A02BE03A7B00CEBF56 /* CollectionView ( Sections , Header , Footer ) */ = {
			isa = PBXGroup;
			children = (
				D9DA64A12BE03A7B00CEBF56 /* AppDelegate.swift */,
				D9DA64A32BE03A7B00CEBF56 /* SceneDelegate.swift */,
				D9DA64A52BE03A7B00CEBF56 /* ViewController.swift */,
				D9DA64B52BE03E1E00CEBF56 /* PhotosCollectionViewCell.swift */,
				D9DA64B72BE03E4D00CEBF56 /* CollectionReusableView.swift */,
				D9DA64A72BE03A7B00CEBF56 /* Main.storyboard */,
				D9DA64AA2BE03A7D00CEBF56 /* Assets.xcassets */,
				D9DA64AC2BE03A7D00CEBF56 /* LaunchScreen.storyboard */,
				D9DA64AF2BE03A7D00CEBF56 /* Info.plist */,
			);
			path = "CollectionView ( Sections , Header , Footer )";
			sourceTree = "<group>";
		};
/* End PBXGroup section */

/* Begin PBXNativeTarget section */
		D9DA649D2BE03A7B00CEBF56 /* CollectionView ( Sections , Header , Footer ) */ = {
			isa = PBXNativeTarget;
			buildConfigurationList = D9DA64B22BE03A7D00CEBF56 /* Build configuration list for PBXNativeTarget "CollectionView ( Sections , Header , Footer )" */;
			buildPhases = (
				D9DA649A2BE03A7B00CEBF56 /* Sources */,
				D9DA649B2BE03A7B00CEBF56 /* Frameworks */,
				D9DA649C2BE03A7B00CEBF56 /* Resources */,
			);
			buildRules = (
			);
			dependencies = (
			);
			name = "CollectionView ( Sections , Header , Footer )";
			productName = "CollectionView ( Sections , Header , Footer )";
			productReference = D9DA649E2BE03A7B00CEBF56 /* CollectionView ( Sections , Header , Footer ).app */;
			productType = "com.apple.product-type.application";
		};
/* End PBXNativeTarget section */

/* Begin PBXProject section */
		D9DA64962BE03A7B00CEBF56 /* Project object */ = {
			isa = PBXProject;
			attributes = {
				BuildIndependentTargetsInParallel = 1;
				LastSwiftUpdateCheck = 1400;
				LastUpgradeCheck = 1400;
				TargetAttributes = {
					D9DA649D2BE03A7B00CEBF56 = {
						CreatedOnToolsVersion = 14.0;
					};
				};
			};
			buildConfigurationList = D9DA64992BE03A7B00CEBF56 /* Build configuration list for PBXProject "CollectionView ( Sections , Header , Footer )" */;
			compatibilityVersion = "Xcode 14.0";
			developmentRegion = en;
			hasScannedForEncodings = 0;
			knownRegions = (
				en,
				Base,
			);
			mainGroup = D9DA64952BE03A7B00CEBF56;
			productRefGroup = D9DA649F2BE03A7B00CEBF56 /* Products */;
			projectDirPath = "";
			projectRoot = "";
			targets = (
				D9DA649D2BE03A7B00CEBF56 /* CollectionView ( Sections , Header , Footer ) */,
			);
		};
/* End PBXProject section */

/* Begin PBXResourcesBuildPhase section */
		D9DA649C2BE03A7B00CEBF56 /* Resources */ = {
			isa = PBXResourcesBuildPhase;
			buildActionMask = 2147483647;
			files = (
				D9DA64AE2BE03A7D00CEBF56 /* LaunchScreen.storyboard in Resources */,
				D9DA64AB2BE03A7D00CEBF56 /* Assets.xcassets in Resources */,
				D9DA64A92BE03A7B00CEBF56 /* Main.storyboard in Resources */,
			);
			runOnlyForDeploymentPostprocessing = 0;
		};
/* End PBXResourcesBuildPhase section */

/* Begin PBXSourcesBuildPhase section */
		D9DA649A2BE03A7B00CEBF56 /* Sources */ = {
			isa = PBXSourcesBuildPhase;
			buildActionMask = 2147483647;
			files = (
				D9DA64A62BE03A7B00CEBF56 /* ViewController.swift in Sources */,
				D9DA64B62BE03E1E00CEBF56 /* PhotosCollectionViewCell.swift in Sources */,
				D9DA64A22BE03A7B00CEBF56 /* AppDelegate.swift in Sources */,
				D9DA64B82BE03E4D00CEBF56 /* CollectionReusableView.swift in Sources */,
				D9DA64A42BE03A7B00CEBF56 /* SceneDelegate.swift in Sources */,
			);
			runOnlyForDeploymentPostprocessing = 0;
		};
/* End PBXSourcesBuildPhase section */

/* Begin PBXVariantGroup section */
		D9DA64A72BE03A7B00CEBF56 /* Main.storyboard */ = {
			isa = PBXVariantGroup;
			children = (
				D9DA64A82BE03A7B00CEBF56 /* Base */,
			);
			name = Main.storyboard;
			sourceTree = "<group>";
		};
		D9DA64AC2BE03A7D00CEBF56 /* LaunchScreen.storyboard */ = {
			isa = PBXVariantGroup;
			children = (
				D9DA64AD2BE03A7D00CEBF56 /* Base */,
			);
			name = LaunchScreen.storyboard;
			sourceTree = "<group>";
		};
/* End PBXVariantGroup section */

/* Begin XCBuildConfiguration section */
		D9DA64B02BE03A7D00CEBF56 /* Debug */ = {
			isa = XCBuildConfiguration;
			buildSettings = {
				ALWAYS_SEARCH_USER_PATHS = NO;
				CLANG_ANALYZER_NONNULL = YES;
				CLANG_ANALYZER_NUMBER_OBJECT_CONVERSION = YES_AGGRESSIVE;
				CLANG_CXX_LANGUAGE_STANDARD = "gnu++20";
				CLANG_ENABLE_MODULES = YES;
				CLANG_ENABLE_OBJC_ARC = YES;
				CLANG_ENABLE_OBJC_WEAK = YES;
				CLANG_WARN_BLOCK_CAPTURE_AUTORELEASING = YES;
				CLANG_WARN_BOOL_CONVERSION = YES;
				CLANG_WARN_COMMA = YES;
				CLANG_WARN_CONSTANT_CONVERSION = YES;
				CLANG_WARN_DEPRECATED_OBJC_IMPLEMENTATIONS = YES;
				CLANG_WARN_DIRECT_OBJC_ISA_USAGE = YES_ERROR;
				CLANG_WARN_DOCUMENTATION_COMMENTS = YES;
				CLANG_WARN_EMPTY_BODY = YES;
				CLANG_WARN_ENUM_CONVERSION = YES;
				CLANG_WARN_INFINITE_RECURSION = YES;
				CLANG_WARN_INT_CONVERSION = YES;
				CLANG_WARN_NON_LITERAL_NULL_CONVERSION = YES;
				CLANG_WARN_OBJC_IMPLICIT_RETAIN_SELF = YES;
				CLANG_WARN_OBJC_LITERAL_CONVERSION = YES;
				CLANG_WARN_OBJC_ROOT_CLASS = YES_ERROR;
				CLANG_WARN_QUOTED_INCLUDE_IN_FRAMEWORK_HEADER = YES;
				CLANG_WARN_RANGE_LOOP_ANALYSIS = YES;
				CLANG_WARN_STRICT_PROTOTYPES = YES;
				CLANG_WARN_SUSPICIOUS_MOVE = YES;
				CLANG_WARN_UNGUARDED_AVAILABILITY = YES_AGGRESSIVE;
				CLANG_WARN_UNREACHABLE_CODE = YES;
				CLANG_WARN__DUPLICATE_METHOD_MATCH = YES;
				COPY_PHASE_STRIP = NO;
				DEBUG_INFORMATION_FORMAT = dwarf;
				ENABLE_STRICT_OBJC_MSGSEND = YES;
				ENABLE_TESTABILITY = YES;
				GCC_C_LANGUAGE_STANDARD = gnu11;
				GCC_DYNAMIC_NO_PIC = NO;
				GCC_NO_COMMON_BLOCKS = YES;
				GCC_OPTIMIZATION_LEVEL = 0;
				GCC_PREPROCESSOR_DEFINITIONS = (
					"DEBUG=1",
					"$(inherited)",
				);
				GCC_WARN_64_TO_32_BIT_CONVERSION = YES;
				GCC_WARN_ABOUT_RETURN_TYPE = YES_ERROR;
				GCC_WARN_UNDECLARED_SELECTOR = YES;
				GCC_WARN_UNINITIALIZED_AUTOS = YES_AGGRESSIVE;
				GCC_WARN_UNUSED_FUNCTION = YES;
				GCC_WARN_UNUSED_VARIABLE = YES;
				IPHONEOS_DEPLOYMENT_TARGET = 16.0;
				MTL_ENABLE_DEBUG_INFO = INCLUDE_SOURCE;
				MTL_FAST_MATH = YES;
				ONLY_ACTIVE_ARCH = YES;
				SDKROOT = iphoneos;
				SWIFT_ACTIVE_COMPILATION_CONDITIONS = DEBUG;
				SWIFT_OPTIMIZATION_LEVEL = "-Onone";
			};
			name = Debug;
		};
		D9DA64B12BE03A7D00CEBF56 /* Release */ = {
			isa = XCBuildConfiguration;
			buildSettings = {
				ALWAYS_SEARCH_USER_PATHS = NO;
				CLANG_ANALYZER_NONNULL = YES;
				CLANG_ANALYZER_NUMBER_OBJECT_CONVERSION = YES_AGGRESSIVE;
				CLANG_CXX_LANGUAGE_STANDARD = "gnu++20";
				CLANG_ENABLE_MODULES = YES;
				CLANG_ENABLE_OBJC_ARC = YES;
				CLANG_ENABLE_OBJC_WEAK = YES;
				CLANG_WARN_BLOCK_CAPTURE_AUTORELEASING = YES;
				CLANG_WARN_BOOL_CONVERSION = YES;
				CLANG_WARN_COMMA = YES;
				CLANG_WARN_CONSTANT_CONVERSION = YES;
				CLANG_WARN_DEPRECATED_OBJC_IMPLEMENTATIONS = YES;
				CLANG_WARN_DIRECT_OBJC_ISA_USAGE = YES_ERROR;
				CLANG_WARN_DOCUMENTATION_COMMENTS = YES;
				CLANG_WARN_EMPTY_BODY = YES;
				CLANG_WARN_ENUM_CONVERSION = YES;
				CLANG_WARN_INFINITE_RECURSION = YES;
				CLANG_WARN_INT_CONVERSION = YES;
				CLANG_WARN_NON_LITERAL_NULL_CONVERSION = YES;
				CLANG_WARN_OBJC_IMPLICIT_RETAIN_SELF = YES;
				CLANG_WARN_OBJC_LITERAL_CONVERSION = YES;
				CLANG_WARN_OBJC_ROOT_CLASS = YES_ERROR;
				CLANG_WARN_QUOTED_INCLUDE_IN_FRAMEWORK_HEADER = YES;
				CLANG_WARN_RANGE_LOOP_ANALYSIS = YES;
				CLANG_WARN_STRICT_PROTOTYPES = YES;
				CLANG_WARN_SUSPICIOUS_MOVE = YES;
				CLANG_WARN_UNGUARDED_AVAILABILITY = YES_AGGRESSIVE;
				CLANG_WARN_UNREACHABLE_CODE = YES;
				CLANG_WARN__DUPLICATE_METHOD_MATCH = YES;
				COPY_PHASE_STRIP = NO;
				DEBUG_INFORMATION_FORMAT = "dwarf-with-dsym";
				ENABLE_NS_ASSERTIONS = NO;
				ENABLE_STRICT_OBJC_MSGSEND = YES;
				GCC_C_LANGUAGE_STANDARD = gnu11;
				GCC_NO_COMMON_BLOCKS = YES;
				GCC_WARN_64_TO_32_BIT_CONVERSION = YES;
				GCC_WARN_ABOUT_RETURN_TYPE = YES_ERROR;
				GCC_WARN_UNDECLARED_SELECTOR = YES;
				GCC_WARN_UNINITIALIZED_AUTOS = YES_AGGRESSIVE;
				GCC_WARN_UNUSED_FUNCTION = YES;
				GCC_WARN_UNUSED_VARIABLE = YES;
				IPHONEOS_DEPLOYMENT_TARGET = 16.0;
				MTL_ENABLE_DEBUG_INFO = NO;
				MTL_FAST_MATH = YES;
				SDKROOT = iphoneos;
				SWIFT_COMPILATION_MODE = wholemodule;
				SWIFT_OPTIMIZATION_LEVEL = "-O";
				VALIDATE_PRODUCT = YES;
			};
			name = Release;
		};
		D9DA64B32BE03A7D00CEBF56 /* Debug */ = {
			isa = XCBuildConfiguration;
			buildSettings = {
				ASSETCATALOG_COMPILER_APPICON_NAME = AppIcon;
				ASSETCATALOG_COMPILER_GLOBAL_ACCENT_COLOR_NAME = AccentColor;
				CODE_SIGN_STYLE = Automatic;
				CURRENT_PROJECT_VERSION = 1;
				GENERATE_INFOPLIST_FILE = YES;
				INFOPLIST_FILE = "CollectionView ( Sections , Header , Footer )/Info.plist";
				INFOPLIST_KEY_UIApplicationSupportsIndirectInputEvents = YES;
				INFOPLIST_KEY_UILaunchStoryboardName = LaunchScreen;
				INFOPLIST_KEY_UIMainStoryboardFile = Main;
				INFOPLIST_KEY_UISupportedInterfaceOrientations_iPad = "UIInterfaceOrientationPortrait UIInterfaceOrientationPortraitUpsideDown UIInterfaceOrientationLandscapeLeft UIInterfaceOrientationLandscapeRight";
				INFOPLIST_KEY_UISupportedInterfaceOrientations_iPhone = "UIInterfaceOrientationPortrait UIInterfaceOrientationLandscapeLeft UIInterfaceOrientationLandscapeRight";
				LD_RUNPATH_SEARCH_PATHS = (
					"$(inherited)",
					"@executable_path/Frameworks",
				);
				MARKETING_VERSION = 1.0;
				PRODUCT_BUNDLE_IDENTIFIER = "com.gabal.CollectionView---Sections---Header---Footer--";
				PRODUCT_NAME = "$(TARGET_NAME)";
				SWIFT_EMIT_LOC_STRINGS = YES;
				SWIFT_VERSION = 5.0;
				TARGETED_DEVICE_FAMILY = "1,2";
			};
			name = Debug;
		};
		D9DA64B42BE03A7D00CEBF56 /* Release */ = {
			isa = XCBuildConfiguration;
			buildSettings = {
				ASSETCATALOG_COMPILER_APPICON_NAME = AppIcon;
				ASSETCATALOG_COMPILER_GLOBAL_ACCENT_COLOR_NAME = AccentColor;
				CODE_SIGN_STYLE = Automatic;
				CURRENT_PROJECT_VERSION = 1;
				GENERATE_INFOPLIST_FILE = YES;
				INFOPLIST_FILE = "CollectionView ( Sections , Header , Footer )/Info.plist";
				INFOPLIST_KEY_UIApplicationSupportsIndirectInputEvents = YES;
				INFOPLIST_KEY_UILaunchStoryboardName = LaunchScreen;
				INFOPLIST_KEY_UIMainStoryboardFile = Main;
				INFOPLIST_KEY_UISupportedInterfaceOrientations_iPad = "UIInterfaceOrientationPortrait UIInterfaceOrientationPortraitUpsideDown UIInterfaceOrientationLandscapeLeft UIInterfaceOrientationLandscapeRight";
				INFOPLIST_KEY_UISupportedInterfaceOrientations_iPhone = "UIInterfaceOrientationPortrait UIInterfaceOrientationLandscapeLeft UIInterfaceOrientationLandscapeRight";
				LD_RUNPATH_SEARCH_PATHS = (
					"$(inherited)",
					"@executable_path/Frameworks",
				);
				MARKETING_VERSION = 1.0;
				PRODUCT_BUNDLE_IDENTIFIER = "com.gabal.CollectionView---Sections---Header---Footer--";
				PRODUCT_NAME = "$(TARGET_NAME)";
				SWIFT_EMIT_LOC_STRINGS = YES;
				SWIFT_VERSION = 5.0;
				TARGETED_DEVICE_FAMILY = "1,2";
			};
			name = Release;
		};
/* End XCBuildConfiguration section */

/* Begin XCConfigurationList section */
		D9DA64992BE03A7B00CEBF56 /* Build configuration list for PBXProject "CollectionView ( Sections , Header , Footer )" */ = {
			isa = XCConfigurationList;
			buildConfigurations = (
				D9DA64B02BE03A7D00CEBF56 /* Debug */,
				D9DA64B12BE03A7D00CEBF56 /* Release */,
			);
			defaultConfigurationIsVisible = 0;
			defaultConfigurationName = Release;
		};
		D9DA64B22BE03A7D00CEBF56 /* Build configuration list for PBXNativeTarget "CollectionView ( Sections , Header , Footer )" */ = {
			isa = XCConfigurationList;
			buildConfigurations = (
				D9DA64B32BE03A7D00CEBF56 /* Debug */,
				D9DA64B42BE03A7D00CEBF56 /* Release */,
			);
			defaultConfigurationIsVisible = 0;
			defaultConfigurationName = Release;
		};
/* End XCConfigurationList section */
	};
	rootObject = D9DA64962BE03A7B00CEBF56 /* Project object */;
}
